
Microsoft Visual Studio Solution File, Format Version 12.00
# Visual Studio Version 17
VisualStudioVersion = 17.9.34728.123
MinimumVisualStudioVersion = 10.0.40219.1
Project("{FAE04EC0-301F-11D3-BF4B-00C04F79EFBC}") = "WindowsFormsApp10", "WindowsFormsApp10.csproj", "{09C72F5F-DA94-462A-96DF-CBE001C15D73}"
EndProject
Project("{FAE04EC0-301F-11D3-BF4B-00C04F79EFBC}") = "MyGrafLibTest", "..\MyGrafLibTest\MyGrafLibTest.csproj", "{D600C5C6-39B8-4353-9172-455368630E59}"
EndProject
Global
	GlobalSection(SolutionConfigurationPlatforms) = preSolution
		Debug|Any CPU = Debug|Any CPU
		Release|Any CPU = Release|Any CPU
	EndGlobalSection
	GlobalSection(ProjectConfigurationPlatforms) = postSolution
		{09C72F5F-DA94-462A-96DF-CBE001C15D73}.Debug|Any CPU.ActiveCfg = Debug|Any CPU
		{09C72F5F-DA94-462A-96DF-CBE001C15D73}.Debug|Any CPU.Build.0 = Debug|Any CPU
		{09C72F5F-DA94-462A-96DF-CBE001C15D73}.Release|Any CPU.ActiveCfg = Release|Any CPU
		{09C72F5F-DA94-462A-96DF-CBE001C15D73}.Release|Any CPU.Build.0 = Release|Any CPU
		{D600C5C6-39B8-4353-9172-455368630E59}.Debug|Any CPU.ActiveCfg = Debug|Any CPU
		{D600C5C6-39B8-4353-9172-455368630E59}.Debug|Any CPU.Build.0 = Debug|Any CPU
		{D600C5C6-39B8-4353-9172-455368630E59}.Release|Any CPU.ActiveCfg = Release|Any CPU
		{D600C5C6-39B8-4353-9172-455368630E59}.Release|Any CPU.Build.0 = Release|Any CPU
	EndGlobalSection
	GlobalSection(SolutionProperties) = preSolution
		HideSolutionNode = FALSE
	EndGlobalSection
	GlobalSection(ExtensibilityGlobals) = postSolution
		SolutionGuid = {0F6EC84C-F2D0-40FF-88D0-14CCB47016C3}
	EndGlobalSection
EndGlobal
